
Microsoft Visual Studio Solution File, Format Version 12.00
# Visual Studio Version 16
VisualStudioVersion = 16.0.32413.511
MinimumVisualStudioVersion = 10.0.40219.1
Project("{FAE04EC0-301F-11D3-BF4B-00C04F79EFBC}") = "ChatApp.Android", "ChatApp.Android\ChatApp.Android.csproj", "{FDA45301-C565-469E-97A1-C529E70ACFEE}"
EndProject
Project("{FAE04EC0-301F-11D3-BF4B-00C04F79EFBC}") = "ChatApp.iOS", "ChatApp.iOS\ChatApp.iOS.csproj", "{548609CA-C86F-4764-96AB-CBAF6A2E1A5C}"
EndProject
Project("{FAE04EC0-301F-11D3-BF4B-00C04F79EFBC}") = "ChatApp", "ChatApp\ChatApp.csproj", "{BAA5F2DF-9EB5-46EB-BE9F-36EBC91FFF49}"
EndProject
Global
	GlobalSection(SolutionConfigurationPlatforms) = preSolution
		Debug|Any CPU = Debug|Any CPU
		Debug|iPhone = Debug|iPhone
		Debug|iPhoneSimulator = Debug|iPhoneSimulator
		Release|Any CPU = Release|Any CPU
		Release|iPhone = Release|iPhone
		Release|iPhoneSimulator = Release|iPhoneSimulator
	EndGlobalSection
	GlobalSection(ProjectConfigurationPlatforms) = postSolution
		{FDA45301-C565-469E-97A1-C529E70ACFEE}.Debug|Any CPU.ActiveCfg = Debug|Any CPU
		{FDA45301-C565-469E-97A1-C529E70ACFEE}.Debug|Any CPU.Build.0 = Debug|Any CPU
		{FDA45301-C565-469E-97A1-C529E70ACFEE}.Debug|Any CPU.Deploy.0 = Debug|Any CPU
		{FDA45301-C565-469E-97A1-C529E70ACFEE}.Debug|iPhone.ActiveCfg = Debug|Any CPU
		{FDA45301-C565-469E-97A1-C529E70ACFEE}.Debug|iPhone.Build.0 = Debug|Any CPU
		{FDA45301-C565-469E-97A1-C529E70ACFEE}.Debug|iPhone.Deploy.0 = Debug|Any CPU
		{FDA45301-C565-469E-97A1-C529E70ACFEE}.Debug|iPhoneSimulator.ActiveCfg = Debug|Any CPU
		{FDA45301-C565-469E-97A1-C529E70ACFEE}.Debug|iPhoneSimulator.Build.0 = Debug|Any CPU
		{FDA45301-C565-469E-97A1-C529E70ACFEE}.Debug|iPhoneSimulator.Deploy.0 = Debug|Any CPU
		{FDA45301-C565-469E-97A1-C529E70ACFEE}.Release|Any CPU.ActiveCfg = Release|Any CPU
		{FDA45301-C565-469E-97A1-C529E70ACFEE}.Release|Any CPU.Build.0 = Release|Any CPU
		{FDA45301-C565-469E-97A1-C529E70ACFEE}.Release|Any CPU.Deploy.0 = Release|Any CPU
		{FDA45301-C565-469E-97A1-C529E70ACFEE}.Release|iPhone.ActiveCfg = Release|Any CPU
		{FDA45301-C565-469E-97A1-C529E70ACFEE}.Release|iPhone.Build.0 = Release|Any CPU
		{FDA45301-C565-469E-97A1-C529E70ACFEE}.Release|iPhone.Deploy.0 = Release|Any CPU
		{FDA45301-C565-469E-97A1-C529E70ACFEE}.Release|iPhoneSimulator.ActiveCfg = Release|Any CPU
		{FDA45301-C565-469E-97A1-C529E70ACFEE}.Release|iPhoneSimulator.Build.0 = Release|Any CPU
		{FDA45301-C565-469E-97A1-C529E70ACFEE}.Release|iPhoneSimulator.Deploy.0 = Release|Any CPU
		{548609CA-C86F-4764-96AB-CBAF6A2E1A5C}.Debug|Any CPU.ActiveCfg = Debug|iPhone
		{548609CA-C86F-4764-96AB-CBAF6A2E1A5C}.Debug|Any CPU.Build.0 = Debug|iPhone
		{548609CA-C86F-4764-96AB-CBAF6A2E1A5C}.Debug|Any CPU.Deploy.0 = Debug|iPhone
		{548609CA-C86F-4764-96AB-CBAF6A2E1A5C}.Debug|iPhone.ActiveCfg = Debug|iPhone
		{548609CA-C86F-4764-96AB-CBAF6A2E1A5C}.Debug|iPhone.Build.0 = Debug|iPhone
		{548609CA-C86F-4764-96AB-CBAF6A2E1A5C}.Debug|iPhone.Deploy.0 = Debug|iPhone
		{548609CA-C86F-4764-96AB-CBAF6A2E1A5C}.Debug|iPhoneSimulator.ActiveCfg = Debug|iPhoneSimulator
		{548609CA-C86F-4764-96AB-CBAF6A2E1A5C}.Debug|iPhoneSimulator.Build.0 = Debug|iPhoneSimulator
		{548609CA-C86F-4764-96AB-CBAF6A2E1A5C}.Debug|iPhoneSimulator.Deploy.0 = Debug|iPhoneSimulator
		{548609CA-C86F-4764-96AB-CBAF6A2E1A5C}.Release|Any CPU.ActiveCfg = Release|iPhoneSimulator
		{548609CA-C86F-4764-96AB-CBAF6A2E1A5C}.Release|Any CPU.Build.0 = Release|iPhoneSimulator
		{548609CA-C86F-4764-96AB-CBAF6A2E1A5C}.Release|Any CPU.Deploy.0 = Release|iPhoneSimulator
		{548609CA-C86F-4764-96AB-CBAF6A2E1A5C}.Release|iPhone.ActiveCfg = Release|iPhone
		{548609CA-C86F-4764-96AB-CBAF6A2E1A5C}.Release|iPhone.Build.0 = Release|iPhone
		{548609CA-C86F-4764-96AB-CBAF6A2E1A5C}.Release|iPhone.Deploy.0 = Release|iPhone
		{548609CA-C86F-4764-96AB-CBAF6A2E1A5C}.Release|iPhoneSimulator.ActiveCfg = Release|iPhoneSimulator
		{548609CA-C86F-4764-96AB-CBAF6A2E1A5C}.Release|iPhoneSimulator.Build.0 = Release|iPhoneSimulator
		{548609CA-C86F-4764-96AB-CBAF6A2E1A5C}.Release|iPhoneSimulator.Deploy.0 = Release|iPhoneSimulator
		{BAA5F2DF-9EB5-46EB-BE9F-36EBC91FFF49}.Debug|Any CPU.ActiveCfg = Debug|Any CPU
		{BAA5F2DF-9EB5-46EB-BE9F-36EBC91FFF49}.Debug|Any CPU.Build.0 = Debug|Any CPU
		{BAA5F2DF-9EB5-46EB-BE9F-36EBC91FFF49}.Debug|Any CPU.Deploy.0 = Debug|Any CPU
		{BAA5F2DF-9EB5-46EB-BE9F-36EBC91FFF49}.Debug|iPhone.ActiveCfg = Debug|Any CPU
		{BAA5F2DF-9EB5-46EB-BE9F-36EBC91FFF49}.Debug|iPhone.Build.0 = Debug|Any CPU
		{BAA5F2DF-9EB5-46EB-BE9F-36EBC91FFF49}.Debug|iPhone.Deploy.0 = Debug|Any CPU
		{BAA5F2DF-9EB5-46EB-BE9F-36EBC91FFF49}.Debug|iPhoneSimulator.ActiveCfg = Debug|Any CPU
		{BAA5F2DF-9EB5-46EB-BE9F-36EBC91FFF49}.Debug|iPhoneSimulator.Build.0 = Debug|Any CPU
		{BAA5F2DF-9EB5-46EB-BE9F-36EBC91FFF49}.Debug|iPhoneSimulator.Deploy.0 = Debug|Any CPU
		{BAA5F2DF-9EB5-46EB-BE9F-36EBC91FFF49}.Release|Any CPU.ActiveCfg = Release|Any CPU
		{BAA5F2DF-9EB5-46EB-BE9F-36EBC91FFF49}.Release|Any CPU.Build.0 = Release|Any CPU
		{BAA5F2DF-9EB5-46EB-BE9F-36EBC91FFF49}.Release|Any CPU.Deploy.0 = Release|Any CPU
		{BAA5F2DF-9EB5-46EB-BE9F-36EBC91FFF49}.Release|iPhone.ActiveCfg = Release|Any CPU
		{BAA5F2DF-9EB5-46EB-BE9F-36EBC91FFF49}.Release|iPhone.Build.0 = Release|Any CPU
		{BAA5F2DF-9EB5-46EB-BE9F-36EBC91FFF49}.Release|iPhone.Deploy.0 = Release|Any CPU
		{BAA5F2DF-9EB5-46EB-BE9F-36EBC91FFF49}.Release|iPhoneSimulator.ActiveCfg = Release|Any CPU
		{BAA5F2DF-9EB5-46EB-BE9F-36EBC91FFF49}.Release|iPhoneSimulator.Build.0 = Release|Any CPU
		{BAA5F2DF-9EB5-46EB-BE9F-36EBC91FFF49}.Release|iPhoneSimulator.Deploy.0 = Release|Any CPU
	EndGlobalSection
	GlobalSection(SolutionProperties) = preSolution
		HideSolutionNode = FALSE
	EndGlobalSection
	GlobalSection(ExtensibilityGlobals) = postSolution
		SolutionGuid = {B4C99326-C6AB-4C1A-9A11-440D6457F043}
	EndGlobalSection
EndGlobal
